// !$*UTF8*$!
{
	archiveVersion = 1;
	classes = {
	};
	objectVersion = 56;
	objects = {

/* Begin PBXBuildFile section */
		F38784A82C1D42DB00CE4D77 /* main.cpp in Sources */ = {isa = PBXBuildFile; fileRef = F38784A72C1D42DB00CE4D77 /* main.cpp */; };
		F38784B02C1D441B00CE4D77 /* http_server.cpp in Sources */ = {isa = PBXBuildFile; fileRef = F38784AE2C1D441B00CE4D77 /* http_server.cpp */; };
		F38784B32C1D727900CE4D77 /* http_message.cpp in Sources */ = {isa = PBXBuildFile; fileRef = F38784B12C1D727900CE4D77 /* http_message.cpp */; };
		F38784B92C1D9B0900CE4D77 /* uri.cpp in Sources */ = {isa = PBXBuildFile; fileRef = F38784B72C1D9B0900CE4D77 /* uri.cpp */; };
/* End PBXBuildFile section */

/* Begin PBXCopyFilesBuildPhase section */
		F38784A22C1D42DB00CE4D77 /* CopyFiles */ = {
			isa = PBXCopyFilesBuildPhase;
			buildActionMask = 2147483647;
			dstPath = /usr/share/man/man1/;
			dstSubfolderSpec = 0;
			files = (
			);
			runOnlyForDeploymentPostprocessing = 1;
		};
/* End PBXCopyFilesBuildPhase section */

/* Begin PBXFileReference section */
		F38784A42C1D42DB00CE4D77 /* fast-http-server */ = {isa = PBXFileReference; explicitFileType = "compiled.mach-o.executable"; includeInIndex = 0; path = "fast-http-server"; sourceTree = BUILT_PRODUCTS_DIR; };
		F38784A72C1D42DB00CE4D77 /* main.cpp */ = {isa = PBXFileReference; lastKnownFileType = sourcecode.cpp.cpp; path = main.cpp; sourceTree = "<group>"; };
		F38784AE2C1D441B00CE4D77 /* http_server.cpp */ = {isa = PBXFileReference; lastKnownFileType = sourcecode.cpp.cpp; path = http_server.cpp; sourceTree = "<group>"; };
		F38784AF2C1D441B00CE4D77 /* http_server.hpp */ = {isa = PBXFileReference; lastKnownFileType = sourcecode.cpp.h; path = http_server.hpp; sourceTree = "<group>"; };
		F38784B12C1D727900CE4D77 /* http_message.cpp */ = {isa = PBXFileReference; lastKnownFileType = sourcecode.cpp.cpp; path = http_message.cpp; sourceTree = "<group>"; };
		F38784B22C1D727900CE4D77 /* http_message.hpp */ = {isa = PBXFileReference; lastKnownFileType = sourcecode.cpp.h; path = http_message.hpp; sourceTree = "<group>"; };
		F38784B72C1D9B0900CE4D77 /* uri.cpp */ = {isa = PBXFileReference; lastKnownFileType = sourcecode.cpp.cpp; path = uri.cpp; sourceTree = "<group>"; };
		F38784B82C1D9B0900CE4D77 /* uri.hpp */ = {isa = PBXFileReference; lastKnownFileType = sourcecode.cpp.h; path = uri.hpp; sourceTree = "<group>"; };
/* End PBXFileReference section */

/* Begin PBXFrameworksBuildPhase section */
		F38784A12C1D42DB00CE4D77 /* Frameworks */ = {
			isa = PBXFrameworksBuildPhase;
			buildActionMask = 2147483647;
			files = (
			);
			runOnlyForDeploymentPostprocessing = 0;
		};
/* End PBXFrameworksBuildPhase section */

/* Begin PBXGroup section */
		F387849B2C1D42DB00CE4D77 = {
			isa = PBXGroup;
			children = (
				F38784A62C1D42DB00CE4D77 /* fast-http-server */,
				F38784A52C1D42DB00CE4D77 /* Products */,
			);
			sourceTree = "<group>";
		};
		F38784A52C1D42DB00CE4D77 /* Products */ = {
			isa = PBXGroup;
			children = (
				F38784A42C1D42DB00CE4D77 /* fast-http-server */,
			);
			name = Products;
			sourceTree = "<group>";
		};
		F38784A62C1D42DB00CE4D77 /* fast-http-server */ = {
			isa = PBXGroup;
			children = (
				F38784A72C1D42DB00CE4D77 /* main.cpp */,
				F38784AE2C1D441B00CE4D77 /* http_server.cpp */,
				F38784AF2C1D441B00CE4D77 /* http_server.hpp */,
				F38784B12C1D727900CE4D77 /* http_message.cpp */,
				F38784B22C1D727900CE4D77 /* http_message.hpp */,
				F38784B72C1D9B0900CE4D77 /* uri.cpp */,
				F38784B82C1D9B0900CE4D77 /* uri.hpp */,
			);
			path = "fast-http-server";
			sourceTree = "<group>";
		};
/* End PBXGroup section */

/* Begin PBXNativeTarget section */
		F38784A32C1D42DB00CE4D77 /* fast-http-server */ = {
			isa = PBXNativeTarget;
			buildConfigurationList = F38784AB2C1D42DB00CE4D77 /* Build configuration list for PBXNativeTarget "fast-http-server" */;
			buildPhases = (
				F38784A02C1D42DB00CE4D77 /* Sources */,
				F38784A12C1D42DB00CE4D77 /* Frameworks */,
				F38784A22C1D42DB00CE4D77 /* CopyFiles */,
			);
			buildRules = (
			);
			dependencies = (
			);
			name = "fast-http-server";
			productName = "fast-http-server";
			productReference = F38784A42C1D42DB00CE4D77 /* fast-http-server */;
			productType = "com.apple.product-type.tool";
		};
/* End PBXNativeTarget section */

/* Begin PBXProject section */
		F387849C2C1D42DB00CE4D77 /* Project object */ = {
			isa = PBXProject;
			attributes = {
				BuildIndependentTargetsInParallel = 1;
				LastUpgradeCheck = 1430;
				TargetAttributes = {
					F38784A32C1D42DB00CE4D77 = {
						CreatedOnToolsVersion = 14.3.1;
					};
				};
			};
			buildConfigurationList = F387849F2C1D42DB00CE4D77 /* Build configuration list for PBXProject "fast-http-server" */;
			compatibilityVersion = "Xcode 14.0";
			developmentRegion = en;
			hasScannedForEncodings = 0;
			knownRegions = (
				en,
				Base,
			);
			mainGroup = F387849B2C1D42DB00CE4D77;
			productRefGroup = F38784A52C1D42DB00CE4D77 /* Products */;
			projectDirPath = "";
			projectRoot = "";
			targets = (
				F38784A32C1D42DB00CE4D77 /* fast-http-server */,
			);
		};
/* End PBXProject section */

/* Begin PBXSourcesBuildPhase section */
		F38784A02C1D42DB00CE4D77 /* Sources */ = {
			isa = PBXSourcesBuildPhase;
			buildActionMask = 2147483647;
			files = (
				F38784B92C1D9B0900CE4D77 /* uri.cpp in Sources */,
				F38784B02C1D441B00CE4D77 /* http_server.cpp in Sources */,
				F38784B32C1D727900CE4D77 /* http_message.cpp in Sources */,
				F38784A82C1D42DB00CE4D77 /* main.cpp in Sources */,
			);
			runOnlyForDeploymentPostprocessing = 0;
		};
/* End PBXSourcesBuildPhase section */

/* Begin XCBuildConfiguration section */
		F38784A92C1D42DB00CE4D77 /* Debug */ = {
			isa = XCBuildConfiguration;
			buildSettings = {
				ALWAYS_SEARCH_USER_PATHS = NO;
				CLANG_ANALYZER_NONNULL = YES;
				CLANG_ANALYZER_NUMBER_OBJECT_CONVERSION = YES_AGGRESSIVE;
				CLANG_CXX_LANGUAGE_STANDARD = "gnu++20";
				CLANG_ENABLE_MODULES = YES;
				CLANG_ENABLE_OBJC_ARC = YES;
				CLANG_ENABLE_OBJC_WEAK = YES;
				CLANG_WARN_BLOCK_CAPTURE_AUTORELEASING = YES;
				CLANG_WARN_BOOL_CONVERSION = YES;
				CLANG_WARN_COMMA = YES;
				CLANG_WARN_CONSTANT_CONVERSION = YES;
				CLANG_WARN_DEPRECATED_OBJC_IMPLEMENTATIONS = YES;
				CLANG_WARN_DIRECT_OBJC_ISA_USAGE = YES_ERROR;
				CLANG_WARN_DOCUMENTATION_COMMENTS = YES;
				CLANG_WARN_EMPTY_BODY = YES;
				CLANG_WARN_ENUM_CONVERSION = YES;
				CLANG_WARN_INFINITE_RECURSION = YES;
				CLANG_WARN_INT_CONVERSION = YES;
				CLANG_WARN_NON_LITERAL_NULL_CONVERSION = YES;
				CLANG_WARN_OBJC_IMPLICIT_RETAIN_SELF = YES;
				CLANG_WARN_OBJC_LITERAL_CONVERSION = YES;
				CLANG_WARN_OBJC_ROOT_CLASS = YES_ERROR;
				CLANG_WARN_QUOTED_INCLUDE_IN_FRAMEWORK_HEADER = YES;
				CLANG_WARN_RANGE_LOOP_ANALYSIS = YES;
				CLANG_WARN_STRICT_PROTOTYPES = YES;
				CLANG_WARN_SUSPICIOUS_MOVE = YES;
				CLANG_WARN_UNGUARDED_AVAILABILITY = YES_AGGRESSIVE;
				CLANG_WARN_UNREACHABLE_CODE = YES;
				CLANG_WARN__DUPLICATE_METHOD_MATCH = YES;
				COPY_PHASE_STRIP = NO;
				DEBUG_INFORMATION_FORMAT = dwarf;
				ENABLE_STRICT_OBJC_MSGSEND = YES;
				ENABLE_TESTABILITY = YES;
				GCC_C_LANGUAGE_STANDARD = gnu11;
				GCC_DYNAMIC_NO_PIC = NO;
				GCC_NO_COMMON_BLOCKS = YES;
				GCC_OPTIMIZATION_LEVEL = 0;
				GCC_PREPROCESSOR_DEFINITIONS = (
					"DEBUG=1",
					"$(inherited)",
				);
				GCC_WARN_64_TO_32_BIT_CONVERSION = YES;
				GCC_WARN_ABOUT_RETURN_TYPE = YES_ERROR;
				GCC_WARN_UNDECLARED_SELECTOR = YES;
				GCC_WARN_UNINITIALIZED_AUTOS = YES_AGGRESSIVE;
				GCC_WARN_UNUSED_FUNCTION = YES;
				GCC_WARN_UNUSED_VARIABLE = YES;
				MACOSX_DEPLOYMENT_TARGET = 13.0;
				MTL_ENABLE_DEBUG_INFO = INCLUDE_SOURCE;
				MTL_FAST_MATH = YES;
				ONLY_ACTIVE_ARCH = YES;
				SDKROOT = macosx;
			};
			name = Debug;
		};
		F38784AA2C1D42DB00CE4D77 /* Release */ = {
			isa = XCBuildConfiguration;
			buildSettings = {
				ALWAYS_SEARCH_USER_PATHS = NO;
				CLANG_ANALYZER_NONNULL = YES;
				CLANG_ANALYZER_NUMBER_OBJECT_CONVERSION = YES_AGGRESSIVE;
				CLANG_CXX_LANGUAGE_STANDARD = "gnu++20";
				CLANG_ENABLE_MODULES = YES;
				CLANG_ENABLE_OBJC_ARC = YES;
				CLANG_ENABLE_OBJC_WEAK = YES;
				CLANG_WARN_BLOCK_CAPTURE_AUTORELEASING = YES;
				CLANG_WARN_BOOL_CONVERSION = YES;
				CLANG_WARN_COMMA = YES;
				CLANG_WARN_CONSTANT_CONVERSION = YES;
				CLANG_WARN_DEPRECATED_OBJC_IMPLEMENTATIONS = YES;
				CLANG_WARN_DIRECT_OBJC_ISA_USAGE = YES_ERROR;
				CLANG_WARN_DOCUMENTATION_COMMENTS = YES;
				CLANG_WARN_EMPTY_BODY = YES;
				CLANG_WARN_ENUM_CONVERSION = YES;
				CLANG_WARN_INFINITE_RECURSION = YES;
				CLANG_WARN_INT_CONVERSION = YES;
				CLANG_WARN_NON_LITERAL_NULL_CONVERSION = YES;
				CLANG_WARN_OBJC_IMPLICIT_RETAIN_SELF = YES;
				CLANG_WARN_OBJC_LITERAL_CONVERSION = YES;
				CLANG_WARN_OBJC_ROOT_CLASS = YES_ERROR;
				CLANG_WARN_QUOTED_INCLUDE_IN_FRAMEWORK_HEADER = YES;
				CLANG_WARN_RANGE_LOOP_ANALYSIS = YES;
				CLANG_WARN_STRICT_PROTOTYPES = YES;
				CLANG_WARN_SUSPICIOUS_MOVE = YES;
				CLANG_WARN_UNGUARDED_AVAILABILITY = YES_AGGRESSIVE;
				CLANG_WARN_UNREACHABLE_CODE = YES;
				CLANG_WARN__DUPLICATE_METHOD_MATCH = YES;
				COPY_PHASE_STRIP = NO;
				DEBUG_INFORMATION_FORMAT = "dwarf-with-dsym";
				ENABLE_NS_ASSERTIONS = NO;
				ENABLE_STRICT_OBJC_MSGSEND = YES;
				GCC_C_LANGUAGE_STANDARD = gnu11;
				GCC_NO_COMMON_BLOCKS = YES;
				GCC_WARN_64_TO_32_BIT_CONVERSION = YES;
				GCC_WARN_ABOUT_RETURN_TYPE = YES_ERROR;
				GCC_WARN_UNDECLARED_SELECTOR = YES;
				GCC_WARN_UNINITIALIZED_AUTOS = YES_AGGRESSIVE;
				GCC_WARN_UNUSED_FUNCTION = YES;
				GCC_WARN_UNUSED_VARIABLE = YES;
				MACOSX_DEPLOYMENT_TARGET = 13.0;
				MTL_ENABLE_DEBUG_INFO = NO;
				MTL_FAST_MATH = YES;
				SDKROOT = macosx;
			};
			name = Release;
		};
		F38784AC2C1D42DB00CE4D77 /* Debug */ = {
			isa = XCBuildConfiguration;
			buildSettings = {
				CODE_SIGN_STYLE = Automatic;
				PRODUCT_NAME = "$(TARGET_NAME)";
			};
			name = Debug;
		};
		F38784AD2C1D42DB00CE4D77 /* Release */ = {
			isa = XCBuildConfiguration;
			buildSettings = {
				CODE_SIGN_STYLE = Automatic;
				PRODUCT_NAME = "$(TARGET_NAME)";
			};
			name = Release;
		};
/* End XCBuildConfiguration section */

/* Begin XCConfigurationList section */
		F387849F2C1D42DB00CE4D77 /* Build configuration list for PBXProject "fast-http-server" */ = {
			isa = XCConfigurationList;
			buildConfigurations = (
				F38784A92C1D42DB00CE4D77 /* Debug */,
				F38784AA2C1D42DB00CE4D77 /* Release */,
			);
			defaultConfigurationIsVisible = 0;
			defaultConfigurationName = Release;
		};
		F38784AB2C1D42DB00CE4D77 /* Build configuration list for PBXNativeTarget "fast-http-server" */ = {
			isa = XCConfigurationList;
			buildConfigurations = (
				F38784AC2C1D42DB00CE4D77 /* Debug */,
				F38784AD2C1D42DB00CE4D77 /* Release */,
			);
			defaultConfigurationIsVisible = 0;
			defaultConfigurationName = Release;
		};
/* End XCConfigurationList section */
	};
	rootObject = F387849C2C1D42DB00CE4D77 /* Project object */;
}
